{
  "name": "examples",
  "version": "1.0.0",
  "lockfileVersion": 2,
  "requires": true,
  "packages": {
    "": {
      "name": "examples",
      "version": "1.0.0",
      "license": "MIT",
      "dependencies": {
        "i2c-bus": "^5.2.2",
        "oled-font-3x5": "^1.0.0",
        "oled-font-5x7": "~1.0.0",
        "png-to-lcd": "~1.0.2",
        "pngjs": "^3.3.3",
        "pngparse": "~2.0.1",
        "temporal": "^0.3.8"
      }
    },
    "node_modules/bindings": {
      "version": "1.5.0",
      "resolved": "https://registry.npmjs.org/bindings/-/bindings-1.5.0.tgz",
      "integrity": "sha512-p2q/t/mhvuOj/UeLlV6566GD/guowlr0hHxClI0W9m7MWYkL1F0hLo+0Aexs9HSPCtR1SXQ0TD3MMKrXZajbiQ==",
      "dependencies": {
        "file-uri-to-path": "1.0.0"
      }
    },
    "node_modules/es6-shim": {
      "version": "0.35.8",
      "resolved": "https://registry.npmjs.org/es6-shim/-/es6-shim-0.35.8.tgz",
      "integrity": "sha512-Twf7I2v4/1tLoIXMT8HlqaBSS5H2wQTs2wx3MNYCI8K1R1/clXyCazrcVCPm/FuO9cyV8+leEaZOWD5C253NDg=="
    },
    "node_modules/file-uri-to-path": {
      "version": "1.0.0",
      "resolved": "https://registry.npmjs.org/file-uri-to-path/-/file-uri-to-path-1.0.0.tgz",
      "integrity": "sha512-0Zt+s3L7Vf1biwWZ29aARiVYLx7iMGnEUl9x33fbB/j3jR81u/O2LbqK+Bm1CDSNDKVtJ/YjwY7TUd5SkeLQLw=="
    },
    "node_modules/floyd-steinberg": {
      "version": "1.0.6",
      "resolved": "https://registry.npmjs.org/floyd-steinberg/-/floyd-steinberg-1.0.6.tgz",
      "integrity": "sha512-gzlre+taSQzEY+nCusbHJFQ3zHXBkRAX4fe3szssPY/N/t1ClBX9hnHZM4o8ZvpdqLLUPEavuZ/Noj71ZaA8+A=="
    },
    "node_modules/i2c-bus": {
      "version": "5.2.2",
      "resolved": "https://registry.npmjs.org/i2c-bus/-/i2c-bus-5.2.2.tgz",
      "integrity": "sha512-b2y/et08rqggEjqod6QxV0Ng+RlSkZXsdE+E1aZEQBahepZ9uFD9XfA77Y8O9SgyhwfGEn+CNxsw0gvXW1/m4g==",
      "hasInstallScript": true,
      "dependencies": {
        "bindings": "^1.5.0",
        "nan": "^2.14.2"
      },
      "engines": {
        "node": ">=10.0.0"
      }
    },
    "node_modules/nan": {
      "version": "2.17.0",
      "resolved": "https://registry.npmjs.org/nan/-/nan-2.17.0.tgz",
      "integrity": "sha512-2ZTgtl0nJsO0KQCjEpxcIr5D+Yv90plTitZt9JBfQvVJDS5seMl3FOvsh3+9CoYWXf/1l5OaZzzF6nDm4cagaQ=="
    },
    "node_modules/oled-font-3x5": {
      "version": "1.0.0",
      "resolved": "https://registry.npmjs.org/oled-font-3x5/-/oled-font-3x5-1.0.0.tgz",
      "integrity": "sha512-/lxmbxy52EwHEYinSly1D+7kMVMKrWOZ9Uy5GUeRMwA8Clvx7ocNazZ62ZQkhIKOrR/nmNDHxY80ip7Ra/MdpA=="
    },
    "node_modules/oled-font-5x7": {
      "version": "1.0.3",
      "resolved": "https://registry.npmjs.org/oled-font-5x7/-/oled-font-5x7-1.0.3.tgz",
      "integrity": "sha512-l25WvKft8CgXYxtaqKdYrAS1P91rnUUUIiOXojAOvjNCsfFzIl1aEsE2JuaRgMh1Euo7slm5lX0w+1qNkL8PpQ=="
    },
    "node_modules/png-to-lcd": {
      "version": "1.0.3",
      "resolved": "https://registry.npmjs.org/png-to-lcd/-/png-to-lcd-1.0.3.tgz",
      "integrity": "sha512-y4X4mRvZUoMv1ruQimuXixC72HfPyPZHCxlSiQkwVjBAdYlQSnkp1N3EZkgVoS+CngJdTGGW9nMw9VBkfSH39Q==",
      "dependencies": {
        "floyd-steinberg": "~1.0.4",
        "pngparse": "~2.0.1"
      }
    },
    "node_modules/pngjs": {
      "version": "3.4.0",
      "resolved": "https://registry.npmjs.org/pngjs/-/pngjs-3.4.0.tgz",
      "integrity": "sha512-NCrCHhWmnQklfH4MtJMRjZ2a8c80qXeMlQMv2uVp9ISJMTt562SbGd6n2oq0PaPgKm7Z6pL9E2UlLIhC+SHL3w==",
      "engines": {
        "node": ">=4.0.0"
      }
    },
    "node_modules/pngparse": {
      "version": "2.0.1",
      "resolved": "https://registry.npmjs.org/pngparse/-/pngparse-2.0.1.tgz",
      "integrity": "sha512-RyB1P0BBwt3CNIZ5wT53lR1dT3CUtopnMOuP8xZdHjPhI/uXNNRnkx1yQb/3MMMyyMeo6p19fiIRHcLopWIkxA=="
    },
    "node_modules/temporal": {
      "version": "0.3.8",
      "resolved": "https://registry.npmjs.org/temporal/-/temporal-0.3.8.tgz",
      "integrity": "sha512-Oifg/Jy1FqoxgAHhfrwjnO9PKrqv9JYR/KgsmsMKjpPaYWdJmzWnCVhSFAxv7ygdYILj6Kd+v4YQtaxF0ZCjGA==",
      "dependencies": {
        "es6-shim": "latest"
      },
      "engines": {
        "node": ">=0.8.0"
      }
    }
  },
  "dependencies": {
    "bindings": {
      "version": "1.5.0",
      "resolved": "https://registry.npmjs.org/bindings/-/bindings-1.5.0.tgz",
      "integrity": "sha512-p2q/t/mhvuOj/UeLlV6566GD/guowlr0hHxClI0W9m7MWYkL1F0hLo+0Aexs9HSPCtR1SXQ0TD3MMKrXZajbiQ==",
      "requires": {
        "file-uri-to-path": "1.0.0"
      }
    },
    "es6-shim": {
      "version": "0.35.8",
      "resolved": "https://registry.npmjs.org/es6-shim/-/es6-shim-0.35.8.tgz",
      "integrity": "sha512-Twf7I2v4/1tLoIXMT8HlqaBSS5H2wQTs2wx3MNYCI8K1R1/clXyCazrcVCPm/FuO9cyV8+leEaZOWD5C253NDg=="
    },
    "file-uri-to-path": {
      "version": "1.0.0",
      "resolved": "https://registry.npmjs.org/file-uri-to-path/-/file-uri-to-path-1.0.0.tgz",
      "integrity": "sha512-0Zt+s3L7Vf1biwWZ29aARiVYLx7iMGnEUl9x33fbB/j3jR81u/O2LbqK+Bm1CDSNDKVtJ/YjwY7TUd5SkeLQLw=="
    },
    "floyd-steinberg": {
      "version": "1.0.6",
      "resolved": "https://registry.npmjs.org/floyd-steinberg/-/floyd-steinberg-1.0.6.tgz",
      "integrity": "sha512-gzlre+taSQzEY+nCusbHJFQ3zHXBkRAX4fe3szssPY/N/t1ClBX9hnHZM4o8ZvpdqLLUPEavuZ/Noj71ZaA8+A=="
    },
    "i2c-bus": {
      "version": "5.2.2",
      "resolved": "https://registry.npmjs.org/i2c-bus/-/i2c-bus-5.2.2.tgz",
      "integrity": "sha512-b2y/et08rqggEjqod6QxV0Ng+RlSkZXsdE+E1aZEQBahepZ9uFD9XfA77Y8O9SgyhwfGEn+CNxsw0gvXW1/m4g==",
      "requires": {
        "bindings": "^1.5.0",
        "nan": "^2.14.2"
      }
    },
    "nan": {
      "version": "2.17.0",
      "resolved": "https://registry.npmjs.org/nan/-/nan-2.17.0.tgz",
      "integrity": "sha512-2ZTgtl0nJsO0KQCjEpxcIr5D+Yv90plTitZt9JBfQvVJDS5seMl3FOvsh3+9CoYWXf/1l5OaZzzF6nDm4cagaQ=="
    },
    "oled-font-3x5": {
      "version": "1.0.0",
      "resolved": "https://registry.npmjs.org/oled-font-3x5/-/oled-font-3x5-1.0.0.tgz",
      "integrity": "sha512-/lxmbxy52EwHEYinSly1D+7kMVMKrWOZ9Uy5GUeRMwA8Clvx7ocNazZ62ZQkhIKOrR/nmNDHxY80ip7Ra/MdpA=="
    },
    "oled-font-5x7": {
      "version": "1.0.3",
      "resolved": "https://registry.npmjs.org/oled-font-5x7/-/oled-font-5x7-1.0.3.tgz",
      "integrity": "sha512-l25WvKft8CgXYxtaqKdYrAS1P91rnUUUIiOXojAOvjNCsfFzIl1aEsE2JuaRgMh1Euo7slm5lX0w+1qNkL8PpQ=="
    },
    "png-to-lcd": {
      "version": "1.0.3",
      "resolved": "https://registry.npmjs.org/png-to-lcd/-/png-to-lcd-1.0.3.tgz",
      "integrity": "sha512-y4X4mRvZUoMv1ruQimuXixC72HfPyPZHCxlSiQkwVjBAdYlQSnkp1N3EZkgVoS+CngJdTGGW9nMw9VBkfSH39Q==",
      "requires": {
        "floyd-steinberg": "~1.0.4",
        "pngparse": "~2.0.1"
      }
    },
    "pngjs": {
      "version": "3.4.0",
      "resolved": "https://registry.npmjs.org/pngjs/-/pngjs-3.4.0.tgz",
      "integrity": "sha512-NCrCHhWmnQklfH4MtJMRjZ2a8c80qXeMlQMv2uVp9ISJMTt562SbGd6n2oq0PaPgKm7Z6pL9E2UlLIhC+SHL3w=="
    },
    "pngparse": {
      "version": "2.0.1",
      "resolved": "https://registry.npmjs.org/pngparse/-/pngparse-2.0.1.tgz",
      "integrity": "sha512-RyB1P0BBwt3CNIZ5wT53lR1dT3CUtopnMOuP8xZdHjPhI/uXNNRnkx1yQb/3MMMyyMeo6p19fiIRHcLopWIkxA=="
    },
    "temporal": {
      "version": "0.3.8",
      "resolved": "https://registry.npmjs.org/temporal/-/temporal-0.3.8.tgz",
      "integrity": "sha512-Oifg/Jy1FqoxgAHhfrwjnO9PKrqv9JYR/KgsmsMKjpPaYWdJmzWnCVhSFAxv7ygdYILj6Kd+v4YQtaxF0ZCjGA==",
      "requires": {
        "es6-shim": "latest"
      }
    }
  }
}
